
Microsoft Visual Studio Solution File, Format Version 12.00
# Visual Studio Version 16
VisualStudioVersion = 16.0.33027.164
MinimumVisualStudioVersion = 10.0.40219.1
Project("{FAE04EC0-301F-11D3-BF4B-00C04F79EFBC}") = "Accountants Tools", "Accountants Tools\Accountants Tools.csproj", "{4BA55BF4-0A8E-4EC7-BD3B-EC212F48518F}"
EndProject
Global
	GlobalSection(SolutionConfigurationPlatforms) = preSolution
		Debug|Any CPU = Debug|Any CPU
		Release|Any CPU = Release|Any CPU
	EndGlobalSection
	GlobalSection(ProjectConfigurationPlatforms) = postSolution
		{4BA55BF4-0A8E-4EC7-BD3B-EC212F48518F}.Debug|Any CPU.ActiveCfg = Debug|Any CPU
		{4BA55BF4-0A8E-4EC7-BD3B-EC212F48518F}.Debug|Any CPU.Build.0 = Debug|Any CPU
		{4BA55BF4-0A8E-4EC7-BD3B-EC212F48518F}.Release|Any CPU.ActiveCfg = Release|Any CPU
		{4BA55BF4-0A8E-4EC7-BD3B-EC212F48518F}.Release|Any CPU.Build.0 = Release|Any CPU
	EndGlobalSection
	GlobalSection(SolutionProperties) = preSolution
		HideSolutionNode = FALSE
	EndGlobalSection
	GlobalSection(ExtensibilityGlobals) = postSolution
		SolutionGuid = {CE081AB5-645A-4E55-890E-75364A02E27D}
	EndGlobalSection
EndGlobal
